
Microsoft Visual Studio Solution File, Format Version 12.00
# Visual Studio Version 17
VisualStudioVersion = 17.4.33205.214
MinimumVisualStudioVersion = 10.0.40219.1
Project("{FAE04EC0-301F-11D3-BF4B-00C04F79EFBC}") = "DapperCrudWebAPI", "DapperCrudWebAPI\DapperCrudWebAPI.csproj", "{1E4D2B5F-7917-42B4-AB8D-99F363349D9B}"
EndProject
Global
	GlobalSection(SolutionConfigurationPlatforms) = preSolution
		Debug|Any CPU = Debug|Any CPU
		Release|Any CPU = Release|Any CPU
	EndGlobalSection
	GlobalSection(ProjectConfigurationPlatforms) = postSolution
		{1E4D2B5F-7917-42B4-AB8D-99F363349D9B}.Debug|Any CPU.ActiveCfg = Debug|Any CPU
		{1E4D2B5F-7917-42B4-AB8D-99F363349D9B}.Debug|Any CPU.Build.0 = Debug|Any CPU
		{1E4D2B5F-7917-42B4-AB8D-99F363349D9B}.Release|Any CPU.ActiveCfg = Release|Any CPU
		{1E4D2B5F-7917-42B4-AB8D-99F363349D9B}.Release|Any CPU.Build.0 = Release|Any CPU
	EndGlobalSection
	GlobalSection(SolutionProperties) = preSolution
		HideSolutionNode = FALSE
	EndGlobalSection
	GlobalSection(ExtensibilityGlobals) = postSolution
		SolutionGuid = {B8FD0D89-7472-441E-ADE8-2839C0681A34}
	EndGlobalSection
EndGlobal
