
Microsoft Visual Studio Solution File, Format Version 12.00
# Visual Studio Version 17
VisualStudioVersion = 17.4.33205.214
MinimumVisualStudioVersion = 10.0.40219.1
Project("{FAE04EC0-301F-11D3-BF4B-00C04F79EFBC}") = "DapperDemoInMVC", "DapperDemoInMVC\DapperDemoInMVC.csproj", "{1F968ACE-C2D4-4C2E-B17B-34E2342DACBD}"
EndProject
Global
	GlobalSection(SolutionConfigurationPlatforms) = preSolution
		Debug|Any CPU = Debug|Any CPU
		Release|Any CPU = Release|Any CPU
	EndGlobalSection
	GlobalSection(ProjectConfigurationPlatforms) = postSolution
		{1F968ACE-C2D4-4C2E-B17B-34E2342DACBD}.Debug|Any CPU.ActiveCfg = Debug|Any CPU
		{1F968ACE-C2D4-4C2E-B17B-34E2342DACBD}.Debug|Any CPU.Build.0 = Debug|Any CPU
		{1F968ACE-C2D4-4C2E-B17B-34E2342DACBD}.Release|Any CPU.ActiveCfg = Release|Any CPU
		{1F968ACE-C2D4-4C2E-B17B-34E2342DACBD}.Release|Any CPU.Build.0 = Release|Any CPU
	EndGlobalSection
	GlobalSection(SolutionProperties) = preSolution
		HideSolutionNode = FALSE
	EndGlobalSection
	GlobalSection(ExtensibilityGlobals) = postSolution
		SolutionGuid = {2E21786E-0069-427B-837A-476AF9D271E5}
	EndGlobalSection
EndGlobal
